
Microsoft Visual Studio Solution File, Format Version 12.00
# Visual Studio Version 16
VisualStudioVersion = 16.0.31321.278
MinimumVisualStudioVersion = 10.0.40219.1
Project("{9A19103F-16F7-4668-BE54-9A1E7A4F7556}") = "BankingApp", "BankingApp\BankingApp.csproj", "{96183902-086D-4A31-936B-F4AC8123D650}"
EndProject
Project("{FAE04EC0-301F-11D3-BF4B-00C04F79EFBC}") = "Contracts", "Contracts\Contracts.csproj", "{3C96B50D-E15C-4C37-BE8E-65F764FB8AF6}"
EndProject
Project("{FAE04EC0-301F-11D3-BF4B-00C04F79EFBC}") = "Persistance", "Persistance\Persistance.csproj", "{DFBE8FF3-2BCF-4406-882F-EBE8981302D0}"
EndProject
Project("{FAE04EC0-301F-11D3-BF4B-00C04F79EFBC}") = "Domain", "Domain\Domain.csproj", "{B2BAACF9-FEE9-489C-98D5-BBEF27DFFF40}"
EndProject
Project("{FAE04EC0-301F-11D3-BF4B-00C04F79EFBC}") = "RestApi.UnitTests", "RestApi.UnitTests\RestApi.UnitTests.csproj", "{6B52AB40-8D27-40AF-B194-C3FC112CB30F}"
EndProject
Project("{FAE04EC0-301F-11D3-BF4B-00C04F79EFBC}") = "TestHelpers", "TestHelpers\TestHelpers.csproj", "{3BC34433-0BCC-4573-8E9C-4EC908D9BD69}"
EndProject
Global
	GlobalSection(SolutionConfigurationPlatforms) = preSolution
		Debug|Any CPU = Debug|Any CPU
		Release|Any CPU = Release|Any CPU
	EndGlobalSection
	GlobalSection(ProjectConfigurationPlatforms) = postSolution
		{96183902-086D-4A31-936B-F4AC8123D650}.Debug|Any CPU.ActiveCfg = Debug|Any CPU
		{96183902-086D-4A31-936B-F4AC8123D650}.Debug|Any CPU.Build.0 = Debug|Any CPU
		{96183902-086D-4A31-936B-F4AC8123D650}.Release|Any CPU.ActiveCfg = Release|Any CPU
		{96183902-086D-4A31-936B-F4AC8123D650}.Release|Any CPU.Build.0 = Release|Any CPU
		{3C96B50D-E15C-4C37-BE8E-65F764FB8AF6}.Debug|Any CPU.ActiveCfg = Debug|Any CPU
		{3C96B50D-E15C-4C37-BE8E-65F764FB8AF6}.Debug|Any CPU.Build.0 = Debug|Any CPU
		{3C96B50D-E15C-4C37-BE8E-65F764FB8AF6}.Release|Any CPU.ActiveCfg = Release|Any CPU
		{3C96B50D-E15C-4C37-BE8E-65F764FB8AF6}.Release|Any CPU.Build.0 = Release|Any CPU
		{DFBE8FF3-2BCF-4406-882F-EBE8981302D0}.Debug|Any CPU.ActiveCfg = Debug|Any CPU
		{DFBE8FF3-2BCF-4406-882F-EBE8981302D0}.Debug|Any CPU.Build.0 = Debug|Any CPU
		{DFBE8FF3-2BCF-4406-882F-EBE8981302D0}.Release|Any CPU.ActiveCfg = Release|Any CPU
		{DFBE8FF3-2BCF-4406-882F-EBE8981302D0}.Release|Any CPU.Build.0 = Release|Any CPU
		{B2BAACF9-FEE9-489C-98D5-BBEF27DFFF40}.Debug|Any CPU.ActiveCfg = Debug|Any CPU
		{B2BAACF9-FEE9-489C-98D5-BBEF27DFFF40}.Debug|Any CPU.Build.0 = Debug|Any CPU
		{B2BAACF9-FEE9-489C-98D5-BBEF27DFFF40}.Release|Any CPU.ActiveCfg = Release|Any CPU
		{B2BAACF9-FEE9-489C-98D5-BBEF27DFFF40}.Release|Any CPU.Build.0 = Release|Any CPU
		{6B52AB40-8D27-40AF-B194-C3FC112CB30F}.Debug|Any CPU.ActiveCfg = Debug|Any CPU
		{6B52AB40-8D27-40AF-B194-C3FC112CB30F}.Debug|Any CPU.Build.0 = Debug|Any CPU
		{6B52AB40-8D27-40AF-B194-C3FC112CB30F}.Release|Any CPU.ActiveCfg = Release|Any CPU
		{6B52AB40-8D27-40AF-B194-C3FC112CB30F}.Release|Any CPU.Build.0 = Release|Any CPU
		{3BC34433-0BCC-4573-8E9C-4EC908D9BD69}.Debug|Any CPU.ActiveCfg = Debug|Any CPU
		{3BC34433-0BCC-4573-8E9C-4EC908D9BD69}.Debug|Any CPU.Build.0 = Debug|Any CPU
		{3BC34433-0BCC-4573-8E9C-4EC908D9BD69}.Release|Any CPU.ActiveCfg = Release|Any CPU
		{3BC34433-0BCC-4573-8E9C-4EC908D9BD69}.Release|Any CPU.Build.0 = Release|Any CPU
	EndGlobalSection
	GlobalSection(SolutionProperties) = preSolution
		HideSolutionNode = FALSE
	EndGlobalSection
	GlobalSection(ExtensibilityGlobals) = postSolution
		SolutionGuid = {DB53AE84-2198-4C42-86C8-2015EBC21665}
	EndGlobalSection
EndGlobal
